
Microsoft Visual Studio Solution File, Format Version 12.00
# Visual Studio Version 17
VisualStudioVersion = 17.4.33110.190
MinimumVisualStudioVersion = 10.0.40219.1
Project("{8BC9CEB8-8B4A-11D0-8D11-00A0C91BC942}") = "Asclepias", "Asclepias\Asclepias.vcxproj", "{61EEF44A-085E-4762-9414-5D894806695A}"
EndProject
Project("{8BC9CEB8-8B4A-11D0-8D11-00A0C91BC942}") = "SandBox", "SandBox\SandBox.vcxproj", "{34735FCF-93C4-486B-99C6-AC4C155B4215}"
	ProjectSection(ProjectDependencies) = postProject
		{61EEF44A-085E-4762-9414-5D894806695A} = {61EEF44A-085E-4762-9414-5D894806695A}
		{B4ED5C58-66EE-4E08-8317-3F8DED279F0C} = {B4ED5C58-66EE-4E08-8317-3F8DED279F0C}
	EndProjectSection
EndProject
Project("{8BC9CEB8-8B4A-11D0-8D11-00A0C91BC942}") = "SandBoxSrv", "SandBoxSrv\SandBoxSrv.vcxproj", "{B4ED5C58-66EE-4E08-8317-3F8DED279F0C}"
	ProjectSection(ProjectDependencies) = postProject
		{61EEF44A-085E-4762-9414-5D894806695A} = {61EEF44A-085E-4762-9414-5D894806695A}
	EndProjectSection
EndProject
Global
	GlobalSection(SolutionConfigurationPlatforms) = preSolution
		Debug|x64 = Debug|x64
		Debug|x86 = Debug|x86
		Release|x64 = Release|x64
		Release|x86 = Release|x86
	EndGlobalSection
	GlobalSection(ProjectConfigurationPlatforms) = postSolution
		{61EEF44A-085E-4762-9414-5D894806695A}.Debug|x64.ActiveCfg = Debug|x64
		{61EEF44A-085E-4762-9414-5D894806695A}.Debug|x64.Build.0 = Debug|x64
		{61EEF44A-085E-4762-9414-5D894806695A}.Debug|x86.ActiveCfg = Debug|Win32
		{61EEF44A-085E-4762-9414-5D894806695A}.Debug|x86.Build.0 = Debug|Win32
		{61EEF44A-085E-4762-9414-5D894806695A}.Release|x64.ActiveCfg = Release|x64
		{61EEF44A-085E-4762-9414-5D894806695A}.Release|x64.Build.0 = Release|x64
		{61EEF44A-085E-4762-9414-5D894806695A}.Release|x86.ActiveCfg = Release|Win32
		{61EEF44A-085E-4762-9414-5D894806695A}.Release|x86.Build.0 = Release|Win32
		{34735FCF-93C4-486B-99C6-AC4C155B4215}.Debug|x64.ActiveCfg = Debug|x64
		{34735FCF-93C4-486B-99C6-AC4C155B4215}.Debug|x64.Build.0 = Debug|x64
		{34735FCF-93C4-486B-99C6-AC4C155B4215}.Debug|x86.ActiveCfg = Debug|Win32
		{34735FCF-93C4-486B-99C6-AC4C155B4215}.Debug|x86.Build.0 = Debug|Win32
		{34735FCF-93C4-486B-99C6-AC4C155B4215}.Release|x64.ActiveCfg = Release|x64
		{34735FCF-93C4-486B-99C6-AC4C155B4215}.Release|x64.Build.0 = Release|x64
		{34735FCF-93C4-486B-99C6-AC4C155B4215}.Release|x86.ActiveCfg = Release|Win32
		{34735FCF-93C4-486B-99C6-AC4C155B4215}.Release|x86.Build.0 = Release|Win32
		{B4ED5C58-66EE-4E08-8317-3F8DED279F0C}.Debug|x64.ActiveCfg = Debug|x64
		{B4ED5C58-66EE-4E08-8317-3F8DED279F0C}.Debug|x64.Build.0 = Debug|x64
		{B4ED5C58-66EE-4E08-8317-3F8DED279F0C}.Debug|x86.ActiveCfg = Debug|Win32
		{B4ED5C58-66EE-4E08-8317-3F8DED279F0C}.Debug|x86.Build.0 = Debug|Win32
		{B4ED5C58-66EE-4E08-8317-3F8DED279F0C}.Release|x64.ActiveCfg = Release|x64
		{B4ED5C58-66EE-4E08-8317-3F8DED279F0C}.Release|x64.Build.0 = Release|x64
		{B4ED5C58-66EE-4E08-8317-3F8DED279F0C}.Release|x86.ActiveCfg = Release|Win32
		{B4ED5C58-66EE-4E08-8317-3F8DED279F0C}.Release|x86.Build.0 = Release|Win32
	EndGlobalSection
	GlobalSection(SolutionProperties) = preSolution
		HideSolutionNode = FALSE
	EndGlobalSection
	GlobalSection(ExtensibilityGlobals) = postSolution
		SolutionGuid = {99508394-07C7-42BB-A2DB-2E3E746BBCDE}
	EndGlobalSection
EndGlobal
